
Microsoft Visual Studio Solution File, Format Version 12.00
# Visual Studio Version 17
VisualStudioVersion = 17.4.33403.182
MinimumVisualStudioVersion = 10.0.40219.1
Project("{9A19103F-16F7-4668-BE54-9A1E7A4F7556}") = "AlchemyResearch", "AlchemyResearch.csproj", "{AA2AA336-1AC7-4C0E-B845-AC1D8F903341}"
EndProject
Global
	GlobalSection(SolutionConfigurationPlatforms) = preSolution
		Debug|Any CPU = Debug|Any CPU
		Release|Any CPU = Release|Any CPU
	EndGlobalSection
	GlobalSection(ProjectConfigurationPlatforms) = postSolution
		{AA2AA336-1AC7-4C0E-B845-AC1D8F903341}.Debug|Any CPU.ActiveCfg = Debug|Any CPU
		{AA2AA336-1AC7-4C0E-B845-AC1D8F903341}.Debug|Any CPU.Build.0 = Debug|Any CPU
		{AA2AA336-1AC7-4C0E-B845-AC1D8F903341}.Release|Any CPU.ActiveCfg = Release|Any CPU
		{AA2AA336-1AC7-4C0E-B845-AC1D8F903341}.Release|Any CPU.Build.0 = Release|Any CPU
	EndGlobalSection
	GlobalSection(SolutionProperties) = preSolution
		HideSolutionNode = FALSE
	EndGlobalSection
	GlobalSection(ExtensibilityGlobals) = postSolution
		SolutionGuid = {604A3FB3-5E7B-495E-AA56-65F042DD3A56}
	EndGlobalSection
EndGlobal
